
Microsoft Visual Studio Solution File, Format Version 12.00
# Visual Studio 15
VisualStudioVersion = 15.0.27428.2037
MinimumVisualStudioVersion = 10.0.40219.1
Project("{FAE04EC0-301F-11D3-BF4B-00C04F79EFBC}") = "WebAplicacionLibreria2018", "WebAplicacionLibreria2018\WebAplicacionLibreria2018.csproj", "{AD7492FA-A916-4C74-8514-5B0FDE1B8201}"
	ProjectSection(ProjectDependencies) = postProject
		{2CFB624E-7186-464F-994B-68080FA8819F} = {2CFB624E-7186-464F-994B-68080FA8819F}
	EndProjectSection
EndProject
Project("{FAE04EC0-301F-11D3-BF4B-00C04F79EFBC}") = "WScliente", "WScliente\WScliente.csproj", "{2CFB624E-7186-464F-994B-68080FA8819F}"
EndProject
Project("{FAE04EC0-301F-11D3-BF4B-00C04F79EFBC}") = "ServicioProductos", "..\..\..\..\Downloads\TiendaWeb\ServicioProductos\ServicioProductos.csproj", "{E4A6BDE7-2250-4199-A964-2D7321B9103A}"
EndProject
Global
	GlobalSection(SolutionConfigurationPlatforms) = preSolution
		Debug|Any CPU = Debug|Any CPU
		Debug|x86 = Debug|x86
		Release|Any CPU = Release|Any CPU
		Release|x86 = Release|x86
	EndGlobalSection
	GlobalSection(ProjectConfigurationPlatforms) = postSolution
		{AD7492FA-A916-4C74-8514-5B0FDE1B8201}.Debug|Any CPU.ActiveCfg = Debug|Any CPU
		{AD7492FA-A916-4C74-8514-5B0FDE1B8201}.Debug|Any CPU.Build.0 = Debug|Any CPU
		{AD7492FA-A916-4C74-8514-5B0FDE1B8201}.Debug|x86.ActiveCfg = Debug|Any CPU
		{AD7492FA-A916-4C74-8514-5B0FDE1B8201}.Debug|x86.Build.0 = Debug|Any CPU
		{AD7492FA-A916-4C74-8514-5B0FDE1B8201}.Release|Any CPU.ActiveCfg = Release|Any CPU
		{AD7492FA-A916-4C74-8514-5B0FDE1B8201}.Release|Any CPU.Build.0 = Release|Any CPU
		{AD7492FA-A916-4C74-8514-5B0FDE1B8201}.Release|x86.ActiveCfg = Release|Any CPU
		{AD7492FA-A916-4C74-8514-5B0FDE1B8201}.Release|x86.Build.0 = Release|Any CPU
		{2CFB624E-7186-464F-994B-68080FA8819F}.Debug|Any CPU.ActiveCfg = Debug|Any CPU
		{2CFB624E-7186-464F-994B-68080FA8819F}.Debug|Any CPU.Build.0 = Debug|Any CPU
		{2CFB624E-7186-464F-994B-68080FA8819F}.Debug|x86.ActiveCfg = Debug|Any CPU
		{2CFB624E-7186-464F-994B-68080FA8819F}.Debug|x86.Build.0 = Debug|Any CPU
		{2CFB624E-7186-464F-994B-68080FA8819F}.Release|Any CPU.ActiveCfg = Release|Any CPU
		{2CFB624E-7186-464F-994B-68080FA8819F}.Release|Any CPU.Build.0 = Release|Any CPU
		{2CFB624E-7186-464F-994B-68080FA8819F}.Release|x86.ActiveCfg = Release|Any CPU
		{2CFB624E-7186-464F-994B-68080FA8819F}.Release|x86.Build.0 = Release|Any CPU
		{E4A6BDE7-2250-4199-A964-2D7321B9103A}.Debug|Any CPU.ActiveCfg = Debug|Any CPU
		{E4A6BDE7-2250-4199-A964-2D7321B9103A}.Debug|Any CPU.Build.0 = Debug|Any CPU
		{E4A6BDE7-2250-4199-A964-2D7321B9103A}.Debug|x86.ActiveCfg = Debug|Any CPU
		{E4A6BDE7-2250-4199-A964-2D7321B9103A}.Debug|x86.Build.0 = Debug|Any CPU
		{E4A6BDE7-2250-4199-A964-2D7321B9103A}.Release|Any CPU.ActiveCfg = Release|Any CPU
		{E4A6BDE7-2250-4199-A964-2D7321B9103A}.Release|Any CPU.Build.0 = Release|Any CPU
		{E4A6BDE7-2250-4199-A964-2D7321B9103A}.Release|x86.ActiveCfg = Release|Any CPU
		{E4A6BDE7-2250-4199-A964-2D7321B9103A}.Release|x86.Build.0 = Release|Any CPU
	EndGlobalSection
	GlobalSection(SolutionProperties) = preSolution
		HideSolutionNode = FALSE
	EndGlobalSection
	GlobalSection(ExtensibilityGlobals) = postSolution
		SolutionGuid = {124134A9-EA63-4825-AEB6-10303610A260}
	EndGlobalSection
EndGlobal
