
Microsoft Visual Studio Solution File, Format Version 12.00
# Visual Studio 14
VisualStudioVersion = 14.0.25420.1
MinimumVisualStudioVersion = 10.0.40219.1
Project("{FAE04EC0-301F-11D3-BF4B-00C04F79EFBC}") = "WebAplicacionLibreria2018", "WebAplicacionLibreria2018\WebAplicacionLibreria2018.csproj", "{AD7492FA-A916-4C74-8514-5B0FDE1B8201}"
EndProject
Global
	GlobalSection(SolutionConfigurationPlatforms) = preSolution
		Debug|Any CPU = Debug|Any CPU
		Release|Any CPU = Release|Any CPU
	EndGlobalSection
	GlobalSection(ProjectConfigurationPlatforms) = postSolution
		{AD7492FA-A916-4C74-8514-5B0FDE1B8201}.Debug|Any CPU.ActiveCfg = Debug|Any CPU
		{AD7492FA-A916-4C74-8514-5B0FDE1B8201}.Debug|Any CPU.Build.0 = Debug|Any CPU
		{AD7492FA-A916-4C74-8514-5B0FDE1B8201}.Release|Any CPU.ActiveCfg = Release|Any CPU
		{AD7492FA-A916-4C74-8514-5B0FDE1B8201}.Release|Any CPU.Build.0 = Release|Any CPU
	EndGlobalSection
	GlobalSection(SolutionProperties) = preSolution
		HideSolutionNode = FALSE
	EndGlobalSection
	GlobalSection(ExtensibilityGlobals) = postSolution
		SolutionGuid = {124134A9-EA63-4825-AEB6-10303610A260}
	EndGlobalSection
EndGlobal
