
Microsoft Visual Studio Solution File, Format Version 12.00
# Visual Studio 14
VisualStudioVersion = 14.0.25420.1
MinimumVisualStudioVersion = 10.0.40219.1
Project("{FAE04EC0-301F-11D3-BF4B-00C04F79EFBC}") = "AplicacionWebLibreria", "AplicacionWebLibreria\AplicacionWebLibreria.csproj", "{111A43C9-B24F-43A5-BB4F-CF300132FD6F}"
EndProject
Project("{2150E333-8FDC-42A3-9474-1A3956D46DE8}") = "App", "App", "{4829D19D-7C30-4457-8BFA-77FEF5192B63}"
EndProject
Global
	GlobalSection(SolutionConfigurationPlatforms) = preSolution
		Debug|Any CPU = Debug|Any CPU
		Release|Any CPU = Release|Any CPU
	EndGlobalSection
	GlobalSection(ProjectConfigurationPlatforms) = postSolution
		{111A43C9-B24F-43A5-BB4F-CF300132FD6F}.Debug|Any CPU.ActiveCfg = Debug|Any CPU
		{111A43C9-B24F-43A5-BB4F-CF300132FD6F}.Debug|Any CPU.Build.0 = Debug|Any CPU
		{111A43C9-B24F-43A5-BB4F-CF300132FD6F}.Release|Any CPU.ActiveCfg = Release|Any CPU
		{111A43C9-B24F-43A5-BB4F-CF300132FD6F}.Release|Any CPU.Build.0 = Release|Any CPU
	EndGlobalSection
	GlobalSection(SolutionProperties) = preSolution
		HideSolutionNode = FALSE
	EndGlobalSection
	GlobalSection(NestedProjects) = preSolution
		{111A43C9-B24F-43A5-BB4F-CF300132FD6F} = {4829D19D-7C30-4457-8BFA-77FEF5192B63}
	EndGlobalSection
EndGlobal
